<?xml version="1.0" encoding="utf-8"?>
<Project ToolsVersion="4.0" xmlns="http://schemas.microsoft.com/developer/msbuild/2003">
  <ItemGroup>
    <Filter Include="Source Files">
      <UniqueIdentifier>{4FC737F1-C7A5-4376-A066-2A32D752A2FF}</UniqueIdentifier>
      <Extensions>cpp;c;cc;cxx;def;odl;idl;hpj;bat;asm;asmx</Extensions>
    </Filter>
    <Filter Include="Header Files">
      <UniqueIdentifier>{93995380-89BD-4b04-88EB-625FBE52EBFB}</UniqueIdentifier>
      <Extensions>h;hh;hpp;hxx;hm;inl;inc;xsd</Extensions>
    </Filter>
    <Filter Include="Resource Files">
      <UniqueIdentifier>{67DA6AB6-F800-4c08-8B7A-83BB121AAD01}</UniqueIdentifier>
      <Extensions>rc;ico;cur;bmp;dlg;rc2;rct;bin;rgs;gif;jpg;jpeg;jpe;resx;tiff;tif;png;wav;mfcribbon-ms</Extensions>
    </Filter>
    <Filter Include="Source Files\States">
      <UniqueIdentifier>{2d1e6fb3-d0a1-4339-8bbe-1f44ffc20267}</UniqueIdentifier>
    </Filter>
    <Filter Include="Header Files\States">
      <UniqueIdentifier>{edc2e7b3-6632-4cb6-b52a-ec7499120bf1}</UniqueIdentifier>
    </Filter>
    <Filter Include="Source Files\Entities">
      <UniqueIdentifier>{c9a7dd15-8040-41e0-8e15-c7bd2354ee31}</UniqueIdentifier>
    </Filter>
    <Filter Include="Header Files\Entities">
      <UniqueIdentifier>{8518c448-3c03-44da-9b32-ca3afc15239c}</UniqueIdentifier>
    </Filter>
    <Filter Include="Header Files\Util">
      <UniqueIdentifier>{4800265a-a298-4595-8993-4ceb0869e43d}</UniqueIdentifier>
    </Filter>
    <Filter Include="Source Files\Util">
      <UniqueIdentifier>{cb816e34-f63a-4066-b93a-a67e71eca0b2}</UniqueIdentifier>
    </Filter>
    <Filter Include="Header Files\States\Params">
      <UniqueIdentifier>{b126da07-0285-4413-86f4-dc06f206e823}</UniqueIdentifier>
    </Filter>
    <Filter Include="Header Files\gui">
      <UniqueIdentifier>{0e9ceffb-9e33-4aed-8661-c8f8acc0736d}</UniqueIdentifier>
    </Filter>
    <Filter Include="Source Files\gui">
      <UniqueIdentifier>{cfb6aada-ed48-458d-af5f-3fb3e5899f36}</UniqueIdentifier>
    </Filter>
  </ItemGroup>
  <ItemGroup>
    <ClCompile Include="main.cpp">
      <Filter>Source Files</Filter>
    </ClCompile>
    <ClCompile Include="Game.cpp">
      <Filter>Source Files</Filter>
    </ClCompile>
    <ClCompile Include="States\GameState.cpp">
      <Filter>Source Files\States</Filter>
    </ClCompile>
    <ClCompile Include="States\IntroState.cpp">
      <Filter>Source Files\States</Filter>
    </ClCompile>
    <ClCompile Include="States\MenuState.cpp">
      <Filter>Source Files\States</Filter>
    </ClCompile>
    <ClCompile Include="States\PlayState.cpp">
      <Filter>Source Files\States</Filter>
    </ClCompile>
    <ClCompile Include="States\StateMachine.cpp">
      <Filter>Source Files\States</Filter>
    </ClCompile>
    <ClCompile Include="Entities\Entity.cpp">
      <Filter>Source Files\Entities</Filter>
    </ClCompile>
    <ClCompile Include="Util\tmxparser.cpp">
      <Filter>Source Files\Util</Filter>
    </ClCompile>
    <ClCompile Include="Util\AnimatedSprite.cpp">
      <Filter>Source Files\Util</Filter>
    </ClCompile>
    <ClCompile Include="States\BattleState.cpp">
      <Filter>Source Files\States</Filter>
    </ClCompile>
    <ClCompile Include="gui\Label.cpp">
      <Filter>Source Files\gui</Filter>
    </ClCompile>
    <ClCompile Include="gui\Box.cpp">
      <Filter>Source Files\gui</Filter>
    </ClCompile>
    <ClCompile Include="gui\Menu.cpp">
      <Filter>Source Files\gui</Filter>
    </ClCompile>
    <ClCompile Include="gui\TextBox.cpp">
      <Filter>Source Files\gui</Filter>
    </ClCompile>
  </ItemGroup>
  <ItemGroup>
    <ClInclude Include="Game.hpp">
      <Filter>Header Files</Filter>
    </ClInclude>
    <ClInclude Include="States\PlayState.hpp">
      <Filter>Header Files\States</Filter>
    </ClInclude>
    <ClInclude Include="States\StateMachine.hpp">
      <Filter>Header Files\States</Filter>
    </ClInclude>
    <ClInclude Include="States\GameState.hpp">
      <Filter>Header Files\States</Filter>
    </ClInclude>
    <ClInclude Include="States\IntroState.hpp">
      <Filter>Header Files\States</Filter>
    </ClInclude>
    <ClInclude Include="States\MenuState.hpp">
      <Filter>Header Files\States</Filter>
    </ClInclude>
    <ClInclude Include="Entities\Entity.hpp">
      <Filter>Header Files\Entities</Filter>
    </ClInclude>
    <ClInclude Include="Util\tmxparser.hpp">
      <Filter>Header Files\Util</Filter>
    </ClInclude>
    <ClInclude Include="Util\AnimatedSprite.hpp">
      <Filter>Header Files\Util</Filter>
    </ClInclude>
    <ClInclude Include="Util\Animation.hpp">
      <Filter>Header Files\Util</Filter>
    </ClInclude>
    <ClInclude Include="States\BattleState.hpp">
      <Filter>Header Files\States</Filter>
    </ClInclude>
    <ClInclude Include="Entities\Stats.hpp">
      <Filter>Header Files\Entities</Filter>
    </ClInclude>
    <ClInclude Include="Entities\Player.hpp">
      <Filter>Header Files\Entities</Filter>
    </ClInclude>
    <ClInclude Include="Params\Params.hpp">
      <Filter>Header Files\States\Params</Filter>
    </ClInclude>
    <ClInclude Include="gui\Widget.hpp">
      <Filter>Header Files\gui</Filter>
    </ClInclude>
    <ClInclude Include="gui\Label.hpp">
      <Filter>Header Files\gui</Filter>
    </ClInclude>
    <ClInclude Include="gui\Box.hpp">
      <Filter>Header Files\gui</Filter>
    </ClInclude>
    <ClInclude Include="gui\Menu.hpp">
      <Filter>Header Files\gui</Filter>
    </ClInclude>
    <ClInclude Include="gui\TextBox.h">
      <Filter>Header Files\gui</Filter>
    </ClInclude>
  </ItemGroup>
</Project>